<?xml version="1.0" encoding="utf-8"?>
<Project ToolsVersion="4.0" xmlns="http://schemas.microsoft.com/developer/msbuild/2003">
  <ItemGroup>
    <Filter Include="Source files">
      <UniqueIdentifier>{F7FA6034-1670-01AD-160A-6E18AA00634B}</UniqueIdentifier>
    </Filter>
    <Filter Include="Source files\CDLFront">
      <UniqueIdentifier>{3E0C1BA7-138C-0AB3-17CA-9BCCF37C3369}</UniqueIdentifier>
    </Filter>
  </ItemGroup>
  <ItemGroup>
    <ClCompile Include="..\..\..\drv\CDLFront\CDL.tab.c">
      <Filter>Source files\CDLFront</Filter>
    </ClCompile>
    <ClCompile Include="..\..\..\drv\CDLFront\lex.CDL.c">
      <Filter>Source files\CDLFront</Filter>
    </ClCompile>
    <ClCompile Include="..\..\..\src\CDLFront\CDL.tab.c">
      <Filter>Source files\CDLFront</Filter>
    </ClCompile>
    <ClCompile Include="..\..\..\src\CDLFront\CDLFront.cxx">
      <Filter>Source files\CDLFront</Filter>
    </ClCompile>
  </ItemGroup>
</Project>
