<?xml version="1.0" encoding="utf-8"?>
<Project ToolsVersion="4.0" xmlns="http://schemas.microsoft.com/developer/msbuild/2003">
  <ItemGroup>
    <Filter Include="Source files">
      <UniqueIdentifier>{A132C1AE-030E-02F7-147F-2C3978115B2C}</UniqueIdentifier>
    </Filter>
    <Filter Include="Source files\IDLFront">
      <UniqueIdentifier>{E97FCEE6-00AC-1125-0CEC-70016D6F14CD}</UniqueIdentifier>
    </Filter>
  </ItemGroup>
  <ItemGroup>
    <ClCompile Include="..\..\..\drv\IDLFront\IDL.tab.c">
      <Filter>Source files\IDLFront</Filter>
    </ClCompile>
    <ClCompile Include="..\..\..\drv\IDLFront\lex.IDL.c">
      <Filter>Source files\IDLFront</Filter>
    </ClCompile>
    <ClCompile Include="..\..\..\src\IDLFront\IDL.tab.c">
      <Filter>Source files\IDLFront</Filter>
    </ClCompile>
    <ClCompile Include="..\..\..\src\IDLFront\IDLFront.cxx">
      <Filter>Source files\IDLFront</Filter>
    </ClCompile>
  </ItemGroup>
</Project>
